// !$*UTF8*$!
{
	archiveVersion = 1;
	classes = {
	};
	objectVersion = 56;
	objects = {

/* Begin PBXBuildFile section */
		A181AD5729F8B1360037DDA1 /* OpenAI in Frameworks */ = {isa = PBXBuildFile; productRef = A181AD5629F8B1360037DDA1 /* OpenAI */; };
		A181AD5929F8BE010037DDA1 /* Keychain.swift in Sources */ = {isa = PBXBuildFile; fileRef = A181AD5829F8BE010037DDA1 /* Keychain.swift */; };
		A1B22D8C29FAE3E800099860 /* AppState.swift in Sources */ = {isa = PBXBuildFile; fileRef = A1B22D8B29FAE3E800099860 /* AppState.swift */; };
		A1CDB5D929F729E400D88CB2 /* ClipGPTApp.swift in Sources */ = {isa = PBXBuildFile; fileRef = A1CDB5D829F729E400D88CB2 /* ClipGPTApp.swift */; };
		A1CDB5DB29F729E400D88CB2 /* ContentView.swift in Sources */ = {isa = PBXBuildFile; fileRef = A1CDB5DA29F729E400D88CB2 /* ContentView.swift */; };
		A1CDB5DD29F729E600D88CB2 /* Assets.xcassets in Resources */ = {isa = PBXBuildFile; fileRef = A1CDB5DC29F729E600D88CB2 /* Assets.xcassets */; };
		A1CDB5E129F729E600D88CB2 /* Preview Assets.xcassets in Resources */ = {isa = PBXBuildFile; fileRef = A1CDB5E029F729E600D88CB2 /* Preview Assets.xcassets */; };
		A1CDB5EB29F729E600D88CB2 /* ClipGPTTests.swift in Sources */ = {isa = PBXBuildFile; fileRef = A1CDB5EA29F729E600D88CB2 /* ClipGPTTests.swift */; };
		A1CDB5F529F729E600D88CB2 /* ClipGPTUITests.swift in Sources */ = {isa = PBXBuildFile; fileRef = A1CDB5F429F729E600D88CB2 /* ClipGPTUITests.swift */; };
		A1CDB5F729F729E600D88CB2 /* ClipGPTUITestsLaunchTests.swift in Sources */ = {isa = PBXBuildFile; fileRef = A1CDB5F629F729E600D88CB2 /* ClipGPTUITestsLaunchTests.swift */; };
		A1E07FEC29F762270061A4E2 /* KeyboardShortcuts in Frameworks */ = {isa = PBXBuildFile; productRef = A1E07FEB29F762270061A4E2 /* KeyboardShortcuts */; };
		A1E07FEE29F7636B0061A4E2 /* Constants.swift in Sources */ = {isa = PBXBuildFile; fileRef = A1E07FED29F7636B0061A4E2 /* Constants.swift */; };
/* End PBXBuildFile section */

/* Begin PBXContainerItemProxy section */
		A1CDB5E729F729E600D88CB2 /* PBXContainerItemProxy */ = {
			isa = PBXContainerItemProxy;
			containerPortal = A1CDB5CD29F729E400D88CB2 /* Project object */;
			proxyType = 1;
			remoteGlobalIDString = A1CDB5D429F729E400D88CB2;
			remoteInfo = ClipGPT;
		};
		A1CDB5F129F729E600D88CB2 /* PBXContainerItemProxy */ = {
			isa = PBXContainerItemProxy;
			containerPortal = A1CDB5CD29F729E400D88CB2 /* Project object */;
			proxyType = 1;
			remoteGlobalIDString = A1CDB5D429F729E400D88CB2;
			remoteInfo = ClipGPT;
		};
/* End PBXContainerItemProxy section */

/* Begin PBXFileReference section */
		A181AD5829F8BE010037DDA1 /* Keychain.swift */ = {isa = PBXFileReference; lastKnownFileType = sourcecode.swift; path = Keychain.swift; sourceTree = "<group>"; };
		A1B22D8B29FAE3E800099860 /* AppState.swift */ = {isa = PBXFileReference; lastKnownFileType = sourcecode.swift; path = AppState.swift; sourceTree = "<group>"; };
		A1CDB5D529F729E400D88CB2 /* ClipGPT.app */ = {isa = PBXFileReference; explicitFileType = wrapper.application; includeInIndex = 0; path = ClipGPT.app; sourceTree = BUILT_PRODUCTS_DIR; };
		A1CDB5D829F729E400D88CB2 /* ClipGPTApp.swift */ = {isa = PBXFileReference; lastKnownFileType = sourcecode.swift; path = ClipGPTApp.swift; sourceTree = "<group>"; };
		A1CDB5DA29F729E400D88CB2 /* ContentView.swift */ = {isa = PBXFileReference; lastKnownFileType = sourcecode.swift; path = ContentView.swift; sourceTree = "<group>"; };
		A1CDB5DC29F729E600D88CB2 /* Assets.xcassets */ = {isa = PBXFileReference; lastKnownFileType = folder.assetcatalog; path = Assets.xcassets; sourceTree = "<group>"; };
		A1CDB5DE29F729E600D88CB2 /* ClipGPT.entitlements */ = {isa = PBXFileReference; lastKnownFileType = text.plist.entitlements; path = ClipGPT.entitlements; sourceTree = "<group>"; };
		A1CDB5E029F729E600D88CB2 /* Preview Assets.xcassets */ = {isa = PBXFileReference; lastKnownFileType = folder.assetcatalog; path = "Preview Assets.xcassets"; sourceTree = "<group>"; };
		A1CDB5E629F729E600D88CB2 /* ClipGPTTests.xctest */ = {isa = PBXFileReference; explicitFileType = wrapper.cfbundle; includeInIndex = 0; path = ClipGPTTests.xctest; sourceTree = BUILT_PRODUCTS_DIR; };
		A1CDB5EA29F729E600D88CB2 /* ClipGPTTests.swift */ = {isa = PBXFileReference; lastKnownFileType = sourcecode.swift; path = ClipGPTTests.swift; sourceTree = "<group>"; };
		A1CDB5F029F729E600D88CB2 /* ClipGPTUITests.xctest */ = {isa = PBXFileReference; explicitFileType = wrapper.cfbundle; includeInIndex = 0; path = ClipGPTUITests.xctest; sourceTree = BUILT_PRODUCTS_DIR; };
		A1CDB5F429F729E600D88CB2 /* ClipGPTUITests.swift */ = {isa = PBXFileReference; lastKnownFileType = sourcecode.swift; path = ClipGPTUITests.swift; sourceTree = "<group>"; };
		A1CDB5F629F729E600D88CB2 /* ClipGPTUITestsLaunchTests.swift */ = {isa = PBXFileReference; lastKnownFileType = sourcecode.swift; path = ClipGPTUITestsLaunchTests.swift; sourceTree = "<group>"; };
		A1E07FED29F7636B0061A4E2 /* Constants.swift */ = {isa = PBXFileReference; lastKnownFileType = sourcecode.swift; path = Constants.swift; sourceTree = "<group>"; };
/* End PBXFileReference section */

/* Begin PBXFrameworksBuildPhase section */
		A1CDB5D229F729E400D88CB2 /* Frameworks */ = {
			isa = PBXFrameworksBuildPhase;
			buildActionMask = 2147483647;
			files = (
				A181AD5729F8B1360037DDA1 /* OpenAI in Frameworks */,
				A1E07FEC29F762270061A4E2 /* KeyboardShortcuts in Frameworks */,
			);
			runOnlyForDeploymentPostprocessing = 0;
		};
		A1CDB5E329F729E600D88CB2 /* Frameworks */ = {
			isa = PBXFrameworksBuildPhase;
			buildActionMask = 2147483647;
			files = (
			);
			runOnlyForDeploymentPostprocessing = 0;
		};
		A1CDB5ED29F729E600D88CB2 /* Frameworks */ = {
			isa = PBXFrameworksBuildPhase;
			buildActionMask = 2147483647;
			files = (
			);
			runOnlyForDeploymentPostprocessing = 0;
		};
/* End PBXFrameworksBuildPhase section */

/* Begin PBXGroup section */
		A1CDB5CC29F729E400D88CB2 = {
			isa = PBXGroup;
			children = (
				A1CDB5D729F729E400D88CB2 /* ClipGPT */,
				A1CDB5E929F729E600D88CB2 /* ClipGPTTests */,
				A1CDB5F329F729E600D88CB2 /* ClipGPTUITests */,
				A1CDB5D629F729E400D88CB2 /* Products */,
			);
			sourceTree = "<group>";
		};
		A1CDB5D629F729E400D88CB2 /* Products */ = {
			isa = PBXGroup;
			children = (
				A1CDB5D529F729E400D88CB2 /* ClipGPT.app */,
				A1CDB5E629F729E600D88CB2 /* ClipGPTTests.xctest */,
				A1CDB5F029F729E600D88CB2 /* ClipGPTUITests.xctest */,
			);
			name = Products;
			sourceTree = "<group>";
		};
		A1CDB5D729F729E400D88CB2 /* ClipGPT */ = {
			isa = PBXGroup;
			children = (
				A1CDB5D829F729E400D88CB2 /* ClipGPTApp.swift */,
				A1CDB5DA29F729E400D88CB2 /* ContentView.swift */,
				A1CDB5DC29F729E600D88CB2 /* Assets.xcassets */,
				A1CDB5DE29F729E600D88CB2 /* ClipGPT.entitlements */,
				A1CDB5DF29F729E600D88CB2 /* Preview Content */,
				A1E07FED29F7636B0061A4E2 /* Constants.swift */,
				A181AD5829F8BE010037DDA1 /* Keychain.swift */,
				A1B22D8B29FAE3E800099860 /* AppState.swift */,
			);
			path = ClipGPT;
			sourceTree = "<group>";
		};
		A1CDB5DF29F729E600D88CB2 /* Preview Content */ = {
			isa = PBXGroup;
			children = (
				A1CDB5E029F729E600D88CB2 /* Preview Assets.xcassets */,
			);
			path = "Preview Content";
			sourceTree = "<group>";
		};
		A1CDB5E929F729E600D88CB2 /* ClipGPTTests */ = {
			isa = PBXGroup;
			children = (
				A1CDB5EA29F729E600D88CB2 /* ClipGPTTests.swift */,
			);
			path = ClipGPTTests;
			sourceTree = "<group>";
		};
		A1CDB5F329F729E600D88CB2 /* ClipGPTUITests */ = {
			isa = PBXGroup;
			children = (
				A1CDB5F429F729E600D88CB2 /* ClipGPTUITests.swift */,
				A1CDB5F629F729E600D88CB2 /* ClipGPTUITestsLaunchTests.swift */,
			);
			path = ClipGPTUITests;
			sourceTree = "<group>";
		};
/* End PBXGroup section */

/* Begin PBXNativeTarget section */
		A1CDB5D429F729E400D88CB2 /* ClipGPT */ = {
			isa = PBXNativeTarget;
			buildConfigurationList = A1CDB5FA29F729E600D88CB2 /* Build configuration list for PBXNativeTarget "ClipGPT" */;
			buildPhases = (
				A1CDB5D129F729E400D88CB2 /* Sources */,
				A1CDB5D229F729E400D88CB2 /* Frameworks */,
				A1CDB5D329F729E400D88CB2 /* Resources */,
			);
			buildRules = (
			);
			dependencies = (
			);
			name = ClipGPT;
			packageProductDependencies = (
				A1E07FEB29F762270061A4E2 /* KeyboardShortcuts */,
				A181AD5629F8B1360037DDA1 /* OpenAI */,
			);
			productName = ClipGPT;
			productReference = A1CDB5D529F729E400D88CB2 /* ClipGPT.app */;
			productType = "com.apple.product-type.application";
		};
		A1CDB5E529F729E600D88CB2 /* ClipGPTTests */ = {
			isa = PBXNativeTarget;
			buildConfigurationList = A1CDB5FD29F729E600D88CB2 /* Build configuration list for PBXNativeTarget "ClipGPTTests" */;
			buildPhases = (
				A1CDB5E229F729E600D88CB2 /* Sources */,
				A1CDB5E329F729E600D88CB2 /* Frameworks */,
				A1CDB5E429F729E600D88CB2 /* Resources */,
			);
			buildRules = (
			);
			dependencies = (
				A1CDB5E829F729E600D88CB2 /* PBXTargetDependency */,
			);
			name = ClipGPTTests;
			productName = ClipGPTTests;
			productReference = A1CDB5E629F729E600D88CB2 /* ClipGPTTests.xctest */;
			productType = "com.apple.product-type.bundle.unit-test";
		};
		A1CDB5EF29F729E600D88CB2 /* ClipGPTUITests */ = {
			isa = PBXNativeTarget;
			buildConfigurationList = A1CDB60029F729E600D88CB2 /* Build configuration list for PBXNativeTarget "ClipGPTUITests" */;
			buildPhases = (
				A1CDB5EC29F729E600D88CB2 /* Sources */,
				A1CDB5ED29F729E600D88CB2 /* Frameworks */,
				A1CDB5EE29F729E600D88CB2 /* Resources */,
			);
			buildRules = (
			);
			dependencies = (
				A1CDB5F229F729E600D88CB2 /* PBXTargetDependency */,
			);
			name = ClipGPTUITests;
			productName = ClipGPTUITests;
			productReference = A1CDB5F029F729E600D88CB2 /* ClipGPTUITests.xctest */;
			productType = "com.apple.product-type.bundle.ui-testing";
		};
/* End PBXNativeTarget section */

/* Begin PBXProject section */
		A1CDB5CD29F729E400D88CB2 /* Project object */ = {
			isa = PBXProject;
			attributes = {
				BuildIndependentTargetsInParallel = 1;
				LastSwiftUpdateCheck = 1430;
				LastUpgradeCheck = 1430;
				TargetAttributes = {
					A1CDB5D429F729E400D88CB2 = {
						CreatedOnToolsVersion = 14.3;
					};
					A1CDB5E529F729E600D88CB2 = {
						CreatedOnToolsVersion = 14.3;
						TestTargetID = A1CDB5D429F729E400D88CB2;
					};
					A1CDB5EF29F729E600D88CB2 = {
						CreatedOnToolsVersion = 14.3;
						TestTargetID = A1CDB5D429F729E400D88CB2;
					};
				};
			};
			buildConfigurationList = A1CDB5D029F729E400D88CB2 /* Build configuration list for PBXProject "ClipGPT" */;
			compatibilityVersion = "Xcode 14.0";
			developmentRegion = en;
			hasScannedForEncodings = 0;
			knownRegions = (
				en,
				Base,
			);
			mainGroup = A1CDB5CC29F729E400D88CB2;
			packageReferences = (
				A1E07FEA29F762270061A4E2 /* XCRemoteSwiftPackageReference "KeyboardShortcuts" */,
				A181AD5529F8B1360037DDA1 /* XCRemoteSwiftPackageReference "OpenAI" */,
			);
			productRefGroup = A1CDB5D629F729E400D88CB2 /* Products */;
			projectDirPath = "";
			projectRoot = "";
			targets = (
				A1CDB5D429F729E400D88CB2 /* ClipGPT */,
				A1CDB5E529F729E600D88CB2 /* ClipGPTTests */,
				A1CDB5EF29F729E600D88CB2 /* ClipGPTUITests */,
			);
		};
/* End PBXProject section */

/* Begin PBXResourcesBuildPhase section */
		A1CDB5D329F729E400D88CB2 /* Resources */ = {
			isa = PBXResourcesBuildPhase;
			buildActionMask = 2147483647;
			files = (
				A1CDB5E129F729E600D88CB2 /* Preview Assets.xcassets in Resources */,
				A1CDB5DD29F729E600D88CB2 /* Assets.xcassets in Resources */,
			);
			runOnlyForDeploymentPostprocessing = 0;
		};
		A1CDB5E429F729E600D88CB2 /* Resources */ = {
			isa = PBXResourcesBuildPhase;
			buildActionMask = 2147483647;
			files = (
			);
			runOnlyForDeploymentPostprocessing = 0;
		};
		A1CDB5EE29F729E600D88CB2 /* Resources */ = {
			isa = PBXResourcesBuildPhase;
			buildActionMask = 2147483647;
			files = (
			);
			runOnlyForDeploymentPostprocessing = 0;
		};
/* End PBXResourcesBuildPhase section */

/* Begin PBXSourcesBuildPhase section */
		A1CDB5D129F729E400D88CB2 /* Sources */ = {
			isa = PBXSourcesBuildPhase;
			buildActionMask = 2147483647;
			files = (
				A1CDB5DB29F729E400D88CB2 /* ContentView.swift in Sources */,
				A1B22D8C29FAE3E800099860 /* AppState.swift in Sources */,
				A181AD5929F8BE010037DDA1 /* Keychain.swift in Sources */,
				A1CDB5D929F729E400D88CB2 /* ClipGPTApp.swift in Sources */,
				A1E07FEE29F7636B0061A4E2 /* Constants.swift in Sources */,
			);
			runOnlyForDeploymentPostprocessing = 0;
		};
		A1CDB5E229F729E600D88CB2 /* Sources */ = {
			isa = PBXSourcesBuildPhase;
			buildActionMask = 2147483647;
			files = (
				A1CDB5EB29F729E600D88CB2 /* ClipGPTTests.swift in Sources */,
			);
			runOnlyForDeploymentPostprocessing = 0;
		};
		A1CDB5EC29F729E600D88CB2 /* Sources */ = {
			isa = PBXSourcesBuildPhase;
			buildActionMask = 2147483647;
			files = (
				A1CDB5F729F729E600D88CB2 /* ClipGPTUITestsLaunchTests.swift in Sources */,
				A1CDB5F529F729E600D88CB2 /* ClipGPTUITests.swift in Sources */,
			);
			runOnlyForDeploymentPostprocessing = 0;
		};
/* End PBXSourcesBuildPhase section */

/* Begin PBXTargetDependency section */
		A1CDB5E829F729E600D88CB2 /* PBXTargetDependency */ = {
			isa = PBXTargetDependency;
			target = A1CDB5D429F729E400D88CB2 /* ClipGPT */;
			targetProxy = A1CDB5E729F729E600D88CB2 /* PBXContainerItemProxy */;
		};
		A1CDB5F229F729E600D88CB2 /* PBXTargetDependency */ = {
			isa = PBXTargetDependency;
			target = A1CDB5D429F729E400D88CB2 /* ClipGPT */;
			targetProxy = A1CDB5F129F729E600D88CB2 /* PBXContainerItemProxy */;
		};
/* End PBXTargetDependency section */

/* Begin XCBuildConfiguration section */
		A1CDB5F829F729E600D88CB2 /* Debug */ = {
			isa = XCBuildConfiguration;
			buildSettings = {
				ALWAYS_SEARCH_USER_PATHS = NO;
				CLANG_ANALYZER_NONNULL = YES;
				CLANG_ANALYZER_NUMBER_OBJECT_CONVERSION = YES_AGGRESSIVE;
				CLANG_CXX_LANGUAGE_STANDARD = "gnu++20";
				CLANG_ENABLE_MODULES = YES;
				CLANG_ENABLE_OBJC_ARC = YES;
				CLANG_ENABLE_OBJC_WEAK = YES;
				CLANG_WARN_BLOCK_CAPTURE_AUTORELEASING = YES;
				CLANG_WARN_BOOL_CONVERSION = YES;
				CLANG_WARN_COMMA = YES;
				CLANG_WARN_CONSTANT_CONVERSION = YES;
				CLANG_WARN_DEPRECATED_OBJC_IMPLEMENTATIONS = YES;
				CLANG_WARN_DIRECT_OBJC_ISA_USAGE = YES_ERROR;
				CLANG_WARN_DOCUMENTATION_COMMENTS = YES;
				CLANG_WARN_EMPTY_BODY = YES;
				CLANG_WARN_ENUM_CONVERSION = YES;
				CLANG_WARN_INFINITE_RECURSION = YES;
				CLANG_WARN_INT_CONVERSION = YES;
				CLANG_WARN_NON_LITERAL_NULL_CONVERSION = YES;
				CLANG_WARN_OBJC_IMPLICIT_RETAIN_SELF = YES;
				CLANG_WARN_OBJC_LITERAL_CONVERSION = YES;
				CLANG_WARN_OBJC_ROOT_CLASS = YES_ERROR;
				CLANG_WARN_QUOTED_INCLUDE_IN_FRAMEWORK_HEADER = YES;
				CLANG_WARN_RANGE_LOOP_ANALYSIS = YES;
				CLANG_WARN_STRICT_PROTOTYPES = YES;
				CLANG_WARN_SUSPICIOUS_MOVE = YES;
				CLANG_WARN_UNGUARDED_AVAILABILITY = YES_AGGRESSIVE;
				CLANG_WARN_UNREACHABLE_CODE = YES;
				CLANG_WARN__DUPLICATE_METHOD_MATCH = YES;
				COPY_PHASE_STRIP = NO;
				DEBUG_INFORMATION_FORMAT = dwarf;
				ENABLE_STRICT_OBJC_MSGSEND = YES;
				ENABLE_TESTABILITY = YES;
				GCC_C_LANGUAGE_STANDARD = gnu11;
				GCC_DYNAMIC_NO_PIC = NO;
				GCC_NO_COMMON_BLOCKS = YES;
				GCC_OPTIMIZATION_LEVEL = 0;
				GCC_PREPROCESSOR_DEFINITIONS = (
					"DEBUG=1",
					"$(inherited)",
				);
				GCC_WARN_64_TO_32_BIT_CONVERSION = YES;
				GCC_WARN_ABOUT_RETURN_TYPE = YES_ERROR;
				GCC_WARN_UNDECLARED_SELECTOR = YES;
				GCC_WARN_UNINITIALIZED_AUTOS = YES_AGGRESSIVE;
				GCC_WARN_UNUSED_FUNCTION = YES;
				GCC_WARN_UNUSED_VARIABLE = YES;
				MTL_ENABLE_DEBUG_INFO = INCLUDE_SOURCE;
				MTL_FAST_MATH = YES;
				ONLY_ACTIVE_ARCH = YES;
				SWIFT_ACTIVE_COMPILATION_CONDITIONS = DEBUG;
				SWIFT_OPTIMIZATION_LEVEL = "-Onone";
			};
			name = Debug;
		};
		A1CDB5F929F729E600D88CB2 /* Release */ = {
			isa = XCBuildConfiguration;
			buildSettings = {
				ALWAYS_SEARCH_USER_PATHS = NO;
				CLANG_ANALYZER_NONNULL = YES;
				CLANG_ANALYZER_NUMBER_OBJECT_CONVERSION = YES_AGGRESSIVE;
				CLANG_CXX_LANGUAGE_STANDARD = "gnu++20";
				CLANG_ENABLE_MODULES = YES;
				CLANG_ENABLE_OBJC_ARC = YES;
				CLANG_ENABLE_OBJC_WEAK = YES;
				CLANG_WARN_BLOCK_CAPTURE_AUTORELEASING = YES;
				CLANG_WARN_BOOL_CONVERSION = YES;
				CLANG_WARN_COMMA = YES;
				CLANG_WARN_CONSTANT_CONVERSION = YES;
				CLANG_WARN_DEPRECATED_OBJC_IMPLEMENTATIONS = YES;
				CLANG_WARN_DIRECT_OBJC_ISA_USAGE = YES_ERROR;
				CLANG_WARN_DOCUMENTATION_COMMENTS = YES;
				CLANG_WARN_EMPTY_BODY = YES;
				CLANG_WARN_ENUM_CONVERSION = YES;
				CLANG_WARN_INFINITE_RECURSION = YES;
				CLANG_WARN_INT_CONVERSION = YES;
				CLANG_WARN_NON_LITERAL_NULL_CONVERSION = YES;
				CLANG_WARN_OBJC_IMPLICIT_RETAIN_SELF = YES;
				CLANG_WARN_OBJC_LITERAL_CONVERSION = YES;
				CLANG_WARN_OBJC_ROOT_CLASS = YES_ERROR;
				CLANG_WARN_QUOTED_INCLUDE_IN_FRAMEWORK_HEADER = YES;
				CLANG_WARN_RANGE_LOOP_ANALYSIS = YES;
				CLANG_WARN_STRICT_PROTOTYPES = YES;
				CLANG_WARN_SUSPICIOUS_MOVE = YES;
				CLANG_WARN_UNGUARDED_AVAILABILITY = YES_AGGRESSIVE;
				CLANG_WARN_UNREACHABLE_CODE = YES;
				CLANG_WARN__DUPLICATE_METHOD_MATCH = YES;
				COPY_PHASE_STRIP = NO;
				DEBUG_INFORMATION_FORMAT = "dwarf-with-dsym";
				ENABLE_NS_ASSERTIONS = NO;
				ENABLE_STRICT_OBJC_MSGSEND = YES;
				GCC_C_LANGUAGE_STANDARD = gnu11;
				GCC_NO_COMMON_BLOCKS = YES;
				GCC_WARN_64_TO_32_BIT_CONVERSION = YES;
				GCC_WARN_ABOUT_RETURN_TYPE = YES_ERROR;
				GCC_WARN_UNDECLARED_SELECTOR = YES;
				GCC_WARN_UNINITIALIZED_AUTOS = YES_AGGRESSIVE;
				GCC_WARN_UNUSED_FUNCTION = YES;
				GCC_WARN_UNUSED_VARIABLE = YES;
				MTL_ENABLE_DEBUG_INFO = NO;
				MTL_FAST_MATH = YES;
				SWIFT_COMPILATION_MODE = wholemodule;
				SWIFT_OPTIMIZATION_LEVEL = "-O";
			};
			name = Release;
		};
		A1CDB5FB29F729E600D88CB2 /* Debug */ = {
			isa = XCBuildConfiguration;
			buildSettings = {
				ASSETCATALOG_COMPILER_APPICON_NAME = AppIcon;
				ASSETCATALOG_COMPILER_GLOBAL_ACCENT_COLOR_NAME = AccentColor;
				CODE_SIGN_ENTITLEMENTS = ClipGPT/ClipGPT.entitlements;
				CODE_SIGN_STYLE = Automatic;
				CURRENT_PROJECT_VERSION = 1;
				DEVELOPMENT_ASSET_PATHS = "\"ClipGPT/Preview Content\"";
				ENABLE_PREVIEWS = YES;
				GENERATE_INFOPLIST_FILE = YES;
				"INFOPLIST_KEY_UIApplicationSceneManifest_Generation[sdk=iphoneos*]" = YES;
				"INFOPLIST_KEY_UIApplicationSceneManifest_Generation[sdk=iphonesimulator*]" = YES;
				"INFOPLIST_KEY_UIApplicationSupportsIndirectInputEvents[sdk=iphoneos*]" = YES;
				"INFOPLIST_KEY_UIApplicationSupportsIndirectInputEvents[sdk=iphonesimulator*]" = YES;
				"INFOPLIST_KEY_UILaunchScreen_Generation[sdk=iphoneos*]" = YES;
				"INFOPLIST_KEY_UILaunchScreen_Generation[sdk=iphonesimulator*]" = YES;
				"INFOPLIST_KEY_UIStatusBarStyle[sdk=iphoneos*]" = UIStatusBarStyleDefault;
				"INFOPLIST_KEY_UIStatusBarStyle[sdk=iphonesimulator*]" = UIStatusBarStyleDefault;
				INFOPLIST_KEY_UISupportedInterfaceOrientations_iPad = "UIInterfaceOrientationPortrait UIInterfaceOrientationPortraitUpsideDown UIInterfaceOrientationLandscapeLeft UIInterfaceOrientationLandscapeRight";
				INFOPLIST_KEY_UISupportedInterfaceOrientations_iPhone = "UIInterfaceOrientationPortrait UIInterfaceOrientationLandscapeLeft UIInterfaceOrientationLandscapeRight";
				IPHONEOS_DEPLOYMENT_TARGET = 16.4;
				LD_RUNPATH_SEARCH_PATHS = "@executable_path/Frameworks";
				"LD_RUNPATH_SEARCH_PATHS[sdk=macosx*]" = "@executable_path/../Frameworks";
				MACOSX_DEPLOYMENT_TARGET = 13.3;
				MARKETING_VERSION = 1.0;
				PRODUCT_BUNDLE_IDENTIFIER = com.taylor.deckard.ClipGPT;
				PRODUCT_NAME = "$(TARGET_NAME)";
				SDKROOT = auto;
				SUPPORTED_PLATFORMS = "iphoneos iphonesimulator macosx";
				SWIFT_EMIT_LOC_STRINGS = YES;
				SWIFT_VERSION = 5.0;
				TARGETED_DEVICE_FAMILY = "1,2";
			};
			name = Debug;
		};
		A1CDB5FC29F729E600D88CB2 /* Release */ = {
			isa = XCBuildConfiguration;
			buildSettings = {
				ASSETCATALOG_COMPILER_APPICON_NAME = AppIcon;
				ASSETCATALOG_COMPILER_GLOBAL_ACCENT_COLOR_NAME = AccentColor;
				CODE_SIGN_ENTITLEMENTS = ClipGPT/ClipGPT.entitlements;
				CODE_SIGN_STYLE = Automatic;
				CURRENT_PROJECT_VERSION = 1;
				DEVELOPMENT_ASSET_PATHS = "\"ClipGPT/Preview Content\"";
				ENABLE_PREVIEWS = YES;
				GENERATE_INFOPLIST_FILE = YES;
				"INFOPLIST_KEY_UIApplicationSceneManifest_Generation[sdk=iphoneos*]" = YES;
				"INFOPLIST_KEY_UIApplicationSceneManifest_Generation[sdk=iphonesimulator*]" = YES;
				"INFOPLIST_KEY_UIApplicationSupportsIndirectInputEvents[sdk=iphoneos*]" = YES;
				"INFOPLIST_KEY_UIApplicationSupportsIndirectInputEvents[sdk=iphonesimulator*]" = YES;
				"INFOPLIST_KEY_UILaunchScreen_Generation[sdk=iphoneos*]" = YES;
				"INFOPLIST_KEY_UILaunchScreen_Generation[sdk=iphonesimulator*]" = YES;
				"INFOPLIST_KEY_UIStatusBarStyle[sdk=iphoneos*]" = UIStatusBarStyleDefault;
				"INFOPLIST_KEY_UIStatusBarStyle[sdk=iphonesimulator*]" = UIStatusBarStyleDefault;
				INFOPLIST_KEY_UISupportedInterfaceOrientations_iPad = "UIInterfaceOrientationPortrait UIInterfaceOrientationPortraitUpsideDown UIInterfaceOrientationLandscapeLeft UIInterfaceOrientationLandscapeRight";
				INFOPLIST_KEY_UISupportedInterfaceOrientations_iPhone = "UIInterfaceOrientationPortrait UIInterfaceOrientationLandscapeLeft UIInterfaceOrientationLandscapeRight";
				IPHONEOS_DEPLOYMENT_TARGET = 16.4;
				LD_RUNPATH_SEARCH_PATHS = "@executable_path/Frameworks";
				"LD_RUNPATH_SEARCH_PATHS[sdk=macosx*]" = "@executable_path/../Frameworks";
				MACOSX_DEPLOYMENT_TARGET = 13.3;
				MARKETING_VERSION = 1.0;
				PRODUCT_BUNDLE_IDENTIFIER = com.taylor.deckard.ClipGPT;
				PRODUCT_NAME = "$(TARGET_NAME)";
				SDKROOT = auto;
				SUPPORTED_PLATFORMS = "iphoneos iphonesimulator macosx";
				SWIFT_EMIT_LOC_STRINGS = YES;
				SWIFT_VERSION = 5.0;
				TARGETED_DEVICE_FAMILY = "1,2";
			};
			name = Release;
		};
		A1CDB5FE29F729E600D88CB2 /* Debug */ = {
			isa = XCBuildConfiguration;
			buildSettings = {
				ALWAYS_EMBED_SWIFT_STANDARD_LIBRARIES = YES;
				BUNDLE_LOADER = "$(TEST_HOST)";
				CODE_SIGN_STYLE = Automatic;
				CURRENT_PROJECT_VERSION = 1;
				GENERATE_INFOPLIST_FILE = YES;
				IPHONEOS_DEPLOYMENT_TARGET = 16.4;
				MACOSX_DEPLOYMENT_TARGET = 13.3;
				MARKETING_VERSION = 1.0;
				PRODUCT_BUNDLE_IDENTIFIER = com.taylor.deckard.ClipGPTTests;
				PRODUCT_NAME = "$(TARGET_NAME)";
				SDKROOT = auto;
				SUPPORTED_PLATFORMS = "iphoneos iphonesimulator macosx";
				SWIFT_EMIT_LOC_STRINGS = NO;
				SWIFT_VERSION = 5.0;
				TARGETED_DEVICE_FAMILY = "1,2";
				TEST_HOST = "$(BUILT_PRODUCTS_DIR)/ClipGPT.app/$(BUNDLE_EXECUTABLE_FOLDER_PATH)/ClipGPT";
			};
			name = Debug;
		};
		A1CDB5FF29F729E600D88CB2 /* Release */ = {
			isa = XCBuildConfiguration;
			buildSettings = {
				ALWAYS_EMBED_SWIFT_STANDARD_LIBRARIES = YES;
				BUNDLE_LOADER = "$(TEST_HOST)";
				CODE_SIGN_STYLE = Automatic;
				CURRENT_PROJECT_VERSION = 1;
				GENERATE_INFOPLIST_FILE = YES;
				IPHONEOS_DEPLOYMENT_TARGET = 16.4;
				MACOSX_DEPLOYMENT_TARGET = 13.3;
				MARKETING_VERSION = 1.0;
				PRODUCT_BUNDLE_IDENTIFIER = com.taylor.deckard.ClipGPTTests;
				PRODUCT_NAME = "$(TARGET_NAME)";
				SDKROOT = auto;
				SUPPORTED_PLATFORMS = "iphoneos iphonesimulator macosx";
				SWIFT_EMIT_LOC_STRINGS = NO;
				SWIFT_VERSION = 5.0;
				TARGETED_DEVICE_FAMILY = "1,2";
				TEST_HOST = "$(BUILT_PRODUCTS_DIR)/ClipGPT.app/$(BUNDLE_EXECUTABLE_FOLDER_PATH)/ClipGPT";
			};
			name = Release;
		};
		A1CDB60129F729E600D88CB2 /* Debug */ = {
			isa = XCBuildConfiguration;
			buildSettings = {
				ALWAYS_EMBED_SWIFT_STANDARD_LIBRARIES = YES;
				CODE_SIGN_STYLE = Automatic;
				CURRENT_PROJECT_VERSION = 1;
				GENERATE_INFOPLIST_FILE = YES;
				IPHONEOS_DEPLOYMENT_TARGET = 16.4;
				MACOSX_DEPLOYMENT_TARGET = 13.3;
				MARKETING_VERSION = 1.0;
				PRODUCT_BUNDLE_IDENTIFIER = com.taylor.deckard.ClipGPTUITests;
				PRODUCT_NAME = "$(TARGET_NAME)";
				SDKROOT = auto;
				SUPPORTED_PLATFORMS = "iphoneos iphonesimulator macosx";
				SWIFT_EMIT_LOC_STRINGS = NO;
				SWIFT_VERSION = 5.0;
				TARGETED_DEVICE_FAMILY = "1,2";
				TEST_TARGET_NAME = ClipGPT;
			};
			name = Debug;
		};
		A1CDB60229F729E600D88CB2 /* Release */ = {
			isa = XCBuildConfiguration;
			buildSettings = {
				ALWAYS_EMBED_SWIFT_STANDARD_LIBRARIES = YES;
				CODE_SIGN_STYLE = Automatic;
				CURRENT_PROJECT_VERSION = 1;
				GENERATE_INFOPLIST_FILE = YES;
				IPHONEOS_DEPLOYMENT_TARGET = 16.4;
				MACOSX_DEPLOYMENT_TARGET = 13.3;
				MARKETING_VERSION = 1.0;
				PRODUCT_BUNDLE_IDENTIFIER = com.taylor.deckard.ClipGPTUITests;
				PRODUCT_NAME = "$(TARGET_NAME)";
				SDKROOT = auto;
				SUPPORTED_PLATFORMS = "iphoneos iphonesimulator macosx";
				SWIFT_EMIT_LOC_STRINGS = NO;
				SWIFT_VERSION = 5.0;
				TARGETED_DEVICE_FAMILY = "1,2";
				TEST_TARGET_NAME = ClipGPT;
			};
			name = Release;
		};
/* End XCBuildConfiguration section */

/* Begin XCConfigurationList section */
		A1CDB5D029F729E400D88CB2 /* Build configuration list for PBXProject "ClipGPT" */ = {
			isa = XCConfigurationList;
			buildConfigurations = (
				A1CDB5F829F729E600D88CB2 /* Debug */,
				A1CDB5F929F729E600D88CB2 /* Release */,
			);
			defaultConfigurationIsVisible = 0;
			defaultConfigurationName = Release;
		};
		A1CDB5FA29F729E600D88CB2 /* Build configuration list for PBXNativeTarget "ClipGPT" */ = {
			isa = XCConfigurationList;
			buildConfigurations = (
				A1CDB5FB29F729E600D88CB2 /* Debug */,
				A1CDB5FC29F729E600D88CB2 /* Release */,
			);
			defaultConfigurationIsVisible = 0;
			defaultConfigurationName = Release;
		};
		A1CDB5FD29F729E600D88CB2 /* Build configuration list for PBXNativeTarget "ClipGPTTests" */ = {
			isa = XCConfigurationList;
			buildConfigurations = (
				A1CDB5FE29F729E600D88CB2 /* Debug */,
				A1CDB5FF29F729E600D88CB2 /* Release */,
			);
			defaultConfigurationIsVisible = 0;
			defaultConfigurationName = Release;
		};
		A1CDB60029F729E600D88CB2 /* Build configuration list for PBXNativeTarget "ClipGPTUITests" */ = {
			isa = XCConfigurationList;
			buildConfigurations = (
				A1CDB60129F729E600D88CB2 /* Debug */,
				A1CDB60229F729E600D88CB2 /* Release */,
			);
			defaultConfigurationIsVisible = 0;
			defaultConfigurationName = Release;
		};
/* End XCConfigurationList section */

/* Begin XCRemoteSwiftPackageReference section */
		A181AD5529F8B1360037DDA1 /* XCRemoteSwiftPackageReference "OpenAI" */ = {
			isa = XCRemoteSwiftPackageReference;
			repositoryURL = "https://github.com/MacPaw/OpenAI";
			requirement = {
				kind = upToNextMajorVersion;
				minimumVersion = 0.1.2;
			};
		};
		A1E07FEA29F762270061A4E2 /* XCRemoteSwiftPackageReference "KeyboardShortcuts" */ = {
			isa = XCRemoteSwiftPackageReference;
			repositoryURL = "https://github.com/sindresorhus/KeyboardShortcuts";
			requirement = {
				branch = main;
				kind = branch;
			};
		};
/* End XCRemoteSwiftPackageReference section */

/* Begin XCSwiftPackageProductDependency section */
		A181AD5629F8B1360037DDA1 /* OpenAI */ = {
			isa = XCSwiftPackageProductDependency;
			package = A181AD5529F8B1360037DDA1 /* XCRemoteSwiftPackageReference "OpenAI" */;
			productName = OpenAI;
		};
		A1E07FEB29F762270061A4E2 /* KeyboardShortcuts */ = {
			isa = XCSwiftPackageProductDependency;
			package = A1E07FEA29F762270061A4E2 /* XCRemoteSwiftPackageReference "KeyboardShortcuts" */;
			productName = KeyboardShortcuts;
		};
/* End XCSwiftPackageProductDependency section */
	};
	rootObject = A1CDB5CD29F729E400D88CB2 /* Project object */;
}
